
Microsoft Visual Studio Solution File, Format Version 12.00
# Visual Studio Version 16
VisualStudioVersion = 16.0.30907.101
MinimumVisualStudioVersion = 10.0.40219.1
Project("{FAE04EC0-301F-11D3-BF4B-00C04F79EFBC}") = "Enums.Tutorial", "Enums.Tutorial\Enums.Tutorial.csproj", "{57FAA0A9-C8F5-4A1C-8B82-D02D33AEF1F4}"
EndProject
Project("{FAE04EC0-301F-11D3-BF4B-00C04F79EFBC}") = "Enums.ExerciceOne", "Enums.ExerciceOne\Enums.ExerciceOne.csproj", "{F3477D6B-F2CE-4F9E-A30C-2B6CFAE57844}"
EndProject
Global
	GlobalSection(SolutionConfigurationPlatforms) = preSolution
		Debug|Any CPU = Debug|Any CPU
		Release|Any CPU = Release|Any CPU
	EndGlobalSection
	GlobalSection(ProjectConfigurationPlatforms) = postSolution
		{57FAA0A9-C8F5-4A1C-8B82-D02D33AEF1F4}.Debug|Any CPU.ActiveCfg = Debug|Any CPU
		{57FAA0A9-C8F5-4A1C-8B82-D02D33AEF1F4}.Debug|Any CPU.Build.0 = Debug|Any CPU
		{57FAA0A9-C8F5-4A1C-8B82-D02D33AEF1F4}.Release|Any CPU.ActiveCfg = Release|Any CPU
		{57FAA0A9-C8F5-4A1C-8B82-D02D33AEF1F4}.Release|Any CPU.Build.0 = Release|Any CPU
		{F3477D6B-F2CE-4F9E-A30C-2B6CFAE57844}.Debug|Any CPU.ActiveCfg = Debug|Any CPU
		{F3477D6B-F2CE-4F9E-A30C-2B6CFAE57844}.Debug|Any CPU.Build.0 = Debug|Any CPU
		{F3477D6B-F2CE-4F9E-A30C-2B6CFAE57844}.Release|Any CPU.ActiveCfg = Release|Any CPU
		{F3477D6B-F2CE-4F9E-A30C-2B6CFAE57844}.Release|Any CPU.Build.0 = Release|Any CPU
	EndGlobalSection
	GlobalSection(SolutionProperties) = preSolution
		HideSolutionNode = FALSE
	EndGlobalSection
	GlobalSection(ExtensibilityGlobals) = postSolution
		SolutionGuid = {362DE10C-C69B-4DB5-B09F-955A4D3E4FAE}
	EndGlobalSection
EndGlobal
